
Microsoft Visual Studio Solution File, Format Version 12.00
# Visual Studio 15
VisualStudioVersion = 15.0.26228.64
MinimumVisualStudioVersion = 10.0.40219.1
Project("{2150E333-8FDC-42A3-9474-1A3956D46DE8}") = "Service", "Service", "{2B14A070-8B76-44D5-9730-A949ADD9C43E}"
EndProject
Project("{FAE04EC0-301F-11D3-BF4B-00C04F79EFBC}") = "WebApi.Monitoring", "Service\WebApi.Monitoring\WebApi.Monitoring.csproj", "{704DB737-2F57-4C87-BF9F-27AC244ADCB9}"
EndProject
Project("{FAE04EC0-301F-11D3-BF4B-00C04F79EFBC}") = "WebApi", "WebApi\WebApi.csproj", "{96FD7EEF-97E3-437D-B696-F200C9CAC087}"
EndProject
Global
	GlobalSection(SolutionConfigurationPlatforms) = preSolution
		Debug|Any CPU = Debug|Any CPU
		Release|Any CPU = Release|Any CPU
	EndGlobalSection
	GlobalSection(ProjectConfigurationPlatforms) = postSolution
		{704DB737-2F57-4C87-BF9F-27AC244ADCB9}.Debug|Any CPU.ActiveCfg = Debug|Any CPU
		{704DB737-2F57-4C87-BF9F-27AC244ADCB9}.Debug|Any CPU.Build.0 = Debug|Any CPU
		{704DB737-2F57-4C87-BF9F-27AC244ADCB9}.Release|Any CPU.ActiveCfg = Release|Any CPU
		{704DB737-2F57-4C87-BF9F-27AC244ADCB9}.Release|Any CPU.Build.0 = Release|Any CPU
		{96FD7EEF-97E3-437D-B696-F200C9CAC087}.Debug|Any CPU.ActiveCfg = Debug|Any CPU
		{96FD7EEF-97E3-437D-B696-F200C9CAC087}.Debug|Any CPU.Build.0 = Debug|Any CPU
		{96FD7EEF-97E3-437D-B696-F200C9CAC087}.Release|Any CPU.ActiveCfg = Release|Any CPU
		{96FD7EEF-97E3-437D-B696-F200C9CAC087}.Release|Any CPU.Build.0 = Release|Any CPU
	EndGlobalSection
	GlobalSection(SolutionProperties) = preSolution
		HideSolutionNode = FALSE
	EndGlobalSection
	GlobalSection(NestedProjects) = preSolution
		{704DB737-2F57-4C87-BF9F-27AC244ADCB9} = {2B14A070-8B76-44D5-9730-A949ADD9C43E}
	EndGlobalSection
EndGlobal
